
Microsoft Visual Studio Solution File, Format Version 10.00
# Visual Studio 2008
Project("{FAE04EC0-301F-11D3-BF4B-00C04F79EFBC}") = "agsXMPP_SL", "agsXMPP_SL.csproj", "{C41F1064-E89E-47DB-B25D-DA209E3E4AA0}"
EndProject
Global
	GlobalSection(SolutionConfigurationPlatforms) = preSolution
		Debug|Any CPU = Debug|Any CPU
		Release|Any CPU = Release|Any CPU
	EndGlobalSection
	GlobalSection(ProjectConfigurationPlatforms) = postSolution
		{C41F1064-E89E-47DB-B25D-DA209E3E4AA0}.Debug|Any CPU.ActiveCfg = Debug|Any CPU
		{C41F1064-E89E-47DB-B25D-DA209E3E4AA0}.Debug|Any CPU.Build.0 = Debug|Any CPU
		{C41F1064-E89E-47DB-B25D-DA209E3E4AA0}.Release|Any CPU.ActiveCfg = Release|Any CPU
		{C41F1064-E89E-47DB-B25D-DA209E3E4AA0}.Release|Any CPU.Build.0 = Release|Any CPU
	EndGlobalSection
	GlobalSection(SolutionProperties) = preSolution
		HideSolutionNode = FALSE
	EndGlobalSection
EndGlobal
